{
  "name": "weavemd-docling-poc",
  "version": "0.0.0",
  "lockfileVersion": 3,
  "requires": true,
  "packages": {
    "": {
      "name": "weavemd-docling-poc",
      "version": "0.0.0",
      "dependencies": {
        "docling.rs": "^1.69.2",
        "pdf-lib": "^1.17.1"
      }
    },
    "node_modules/@pdf-lib/standard-fonts": {
      "version": "1.0.0",
      "resolved": "https://registry.npmmirror.com/@pdf-lib/standard-fonts/-/standard-fonts-1.0.0.tgz",
      "integrity": "sha512-hU30BK9IUN/su0Mn9VdlVKsWBS6GyhVfqjwl1FjZN4TxP6cCw0jP2w7V3Hf5uX7M0AZJ16vey9yE0ny7Sa59ZA==",
      "license": "MIT",
      "dependencies": {
        "pako": "^1.0.6"
      }
    },
    "node_modules/@pdf-lib/upng": {
      "version": "1.0.1",
      "resolved": "https://registry.npmmirror.com/@pdf-lib/upng/-/upng-1.0.1.tgz",
      "integrity": "sha512-dQK2FUMQtowVP00mtIksrlZhdFXQZPC+taih1q4CvPZ5vqdxR/LKBaFg0oAfzd1GlHZXXSPdQfzQnt+ViGvEIQ==",
      "license": "MIT",
      "dependencies": {
        "pako": "^1.0.10"
      }
    },
    "node_modules/docling.rs": {
      "version": "1.69.2",
      "resolved": "https://registry.npmmirror.com/docling.rs/-/docling.rs-1.69.2.tgz",
      "integrity": "sha512-vjQ/VSLhelL1NCujurm+Rw1LlfYlXMkWsIksDG4G0X6Y4ZgrxfFr+wKwY0EKnBAf65MX8ssrYEsbYlz/gHk+gw==",
      "license": "MIT",
      "engines": {
        "node": ">= 14"
      },
      "optionalDependencies": {
        "docling.rs-linux-arm64-gnu": "1.69.2",
        "docling.rs-linux-x64-gnu": "1.69.2",
        "docling.rs-win32-x64-msvc": "1.69.2"
      }
    },
    "node_modules/docling.rs-linux-arm64-gnu": {
      "version": "1.69.2",
      "resolved": "https://registry.npmmirror.com/docling.rs-linux-arm64-gnu/-/docling.rs-linux-arm64-gnu-1.69.2.tgz",
      "integrity": "sha512-0J8/3658Tahdrhz835LDWWkJgzme5YYcdb0G7d1xKRWfMJrqENNtNQwvL8ZmAyUC1+Y1f+Zu8Meyr4jzBFatCg==",
      "cpu": [
        "arm64"
      ],
      "license": "MIT",
      "optional": true,
      "os": [
        "linux"
      ],
      "engines": {
        "node": ">= 14"
      }
    },
    "node_modules/docling.rs-linux-x64-gnu": {
      "version": "1.69.2",
      "resolved": "https://registry.npmmirror.com/docling.rs-linux-x64-gnu/-/docling.rs-linux-x64-gnu-1.69.2.tgz",
      "integrity": "sha512-e6nh8dof6q4ijDXSw8n2pSmZl8vXMTYci/pt/O/FipXX4KI3J7ar96Sw7SvtV31dLR5/6hJhr4KcmWVuQnQpvA==",
      "cpu": [
        "x64"
      ],
      "license": "MIT",
      "optional": true,
      "os": [
        "linux"
      ],
      "engines": {
        "node": ">= 14"
      }
    },
    "node_modules/docling.rs-win32-x64-msvc": {
      "version": "1.69.2",
      "resolved": "https://registry.npmmirror.com/docling.rs-win32-x64-msvc/-/docling.rs-win32-x64-msvc-1.69.2.tgz",
      "integrity": "sha512-TX8w+/XlHQThcEsOMCgT9Qwj/WUr5lobNM1CNnJp5fSvH1/nTHZ0A/OD0Ny27NOuCOT1xSS/DK2t7yCtFFZBgw==",
      "cpu": [
        "x64"
      ],
      "license": "MIT",
      "optional": true,
      "os": [
        "win32"
      ],
      "engines": {
        "node": ">= 14"
      }
    },
    "node_modules/pako": {
      "version": "1.0.11",
      "resolved": "https://registry.npmmirror.com/pako/-/pako-1.0.11.tgz",
      "integrity": "sha512-4hLB8Py4zZce5s4yd9XzopqwVv/yGNhV1Bl8NTmCq1763HeK2+EwVTv+leGeL13Dnh2wfbqowVPXCIO0z4taYw==",
      "license": "(MIT AND Zlib)"
    },
    "node_modules/pdf-lib": {
      "version": "1.17.1",
      "resolved": "https://registry.npmmirror.com/pdf-lib/-/pdf-lib-1.17.1.tgz",
      "integrity": "sha512-V/mpyJAoTsN4cnP31vc0wfNA1+p20evqqnap0KLoRUN0Yk/p3wN52DOEsL4oBFcLdb76hlpKPtzJIgo67j/XLw==",
      "license": "MIT",
      "dependencies": {
        "@pdf-lib/standard-fonts": "^1.0.0",
        "@pdf-lib/upng": "^1.0.1",
        "pako": "^1.0.11",
        "tslib": "^1.11.1"
      }
    },
    "node_modules/tslib": {
      "version": "1.14.1",
      "resolved": "https://registry.npmmirror.com/tslib/-/tslib-1.14.1.tgz",
      "integrity": "sha512-Xni35NKzjgMrwevysHTCArtLDpPvye8zV/0E4EyYn43P7/7qvQwPh9BGkHewbMulVntbigmcT7rdX3BNo9wRJg==",
      "license": "0BSD"
    }
  }
}
